<?xml version="1.0" encoding="utf-8"?>
<Project ToolsVersion="4.0" xmlns="http://schemas.microsoft.com/developer/msbuild/2003">
  <ItemGroup>
    <Filter Include="源文件">
      <UniqueIdentifier>{4FC737F1-C7A5-4376-A066-2A32D752A2FF}</UniqueIdentifier>
      <Extensions>cpp;c;cc;cxx;def;odl;idl;hpj;bat;asm;asmx</Extensions>
    </Filter>
    <Filter Include="头文件">
      <UniqueIdentifier>{93995380-89BD-4b04-88EB-625FBE52EBFB}</UniqueIdentifier>
      <Extensions>h;hh;hpp;hxx;hm;inl;inc;ipp;xsd</Extensions>
    </Filter>
    <Filter Include="资源文件">
      <UniqueIdentifier>{67DA6AB6-F800-4c08-8B7A-83BB121AAD01}</UniqueIdentifier>
      <Extensions>rc;ico;cur;bmp;dlg;rc2;rct;bin;rgs;gif;jpg;jpeg;jpe;resx;tiff;tif;png;wav;mfcribbon-ms</Extensions>
    </Filter>
    <Filter Include="Game">
      <UniqueIdentifier>{c720cbab-fce1-40cd-957b-370a36973858}</UniqueIdentifier>
    </Filter>
    <Filter Include="Asm">
      <UniqueIdentifier>{a0536d78-4b73-4d11-b7c8-7b5ba0eb7e6a}</UniqueIdentifier>
    </Filter>
  </ItemGroup>
  <ItemGroup>
    <ClInclude Include="stdafx.h">
      <Filter>头文件</Filter>
    </ClInclude>
    <ClInclude Include="targetver.h">
      <Filter>头文件</Filter>
    </ClInclude>
    <ClInclude Include="Game\DownFile.h">
      <Filter>Game</Filter>
    </ClInclude>
    <ClInclude Include="Game\Driver.h">
      <Filter>Game</Filter>
    </ClInclude>
    <ClInclude Include="Game\Emulator.h">
      <Filter>Game</Filter>
    </ClInclude>
    <ClInclude Include="Game\Game.h">
      <Filter>Game</Filter>
    </ClInclude>
    <ClInclude Include="Game\GameClient.h">
      <Filter>Game</Filter>
    </ClInclude>
    <ClInclude Include="Game\GameConf.h">
      <Filter>Game</Filter>
    </ClInclude>
    <ClInclude Include="Game\GameData.h">
      <Filter>Game</Filter>
    </ClInclude>
    <ClInclude Include="Game\GameProc.h">
      <Filter>Game</Filter>
    </ClInclude>
    <ClInclude Include="Game\GameServer.h">
      <Filter>Game</Filter>
    </ClInclude>
    <ClInclude Include="Game\GameStep.h">
      <Filter>Game</Filter>
    </ClInclude>
    <ClInclude Include="Game\Home.h">
      <Filter>Game</Filter>
    </ClInclude>
    <ClInclude Include="Game\HttpClient.h">
      <Filter>Game</Filter>
    </ClInclude>
    <ClInclude Include="Game\Item.h">
      <Filter>Game</Filter>
    </ClInclude>
    <ClInclude Include="Game\LookImgNum.h">
      <Filter>Game</Filter>
    </ClInclude>
    <ClInclude Include="Game\Magic.h">
      <Filter>Game</Filter>
    </ClInclude>
    <ClInclude Include="Game\Move.h">
      <Filter>Game</Filter>
    </ClInclude>
    <ClInclude Include="Game\Pet.h">
      <Filter>Game</Filter>
    </ClInclude>
    <ClInclude Include="Game\PrintScreen.h">
      <Filter>Game</Filter>
    </ClInclude>
    <ClInclude Include="Game\Talk.h">
      <Filter>Game</Filter>
    </ClInclude>
    <ClInclude Include="h.h">
      <Filter>头文件</Filter>
    </ClInclude>
    <ClInclude Include="Asm.h">
      <Filter>Asm</Filter>
    </ClInclude>
  </ItemGroup>
  <ItemGroup>
    <ClCompile Include="stdafx.cpp">
      <Filter>源文件</Filter>
    </ClCompile>
    <ClCompile Include="dllmain.cpp">
      <Filter>源文件</Filter>
    </ClCompile>
    <ClCompile Include="Game\DownFile.cpp">
      <Filter>Game</Filter>
    </ClCompile>
    <ClCompile Include="Game\Driver.cpp">
      <Filter>Game</Filter>
    </ClCompile>
    <ClCompile Include="Game\Emulator.cpp">
      <Filter>Game</Filter>
    </ClCompile>
    <ClCompile Include="Game\Game.cpp">
      <Filter>Game</Filter>
    </ClCompile>
    <ClCompile Include="Game\GameClient.cpp">
      <Filter>Game</Filter>
    </ClCompile>
    <ClCompile Include="Game\GameConf.cpp">
      <Filter>Game</Filter>
    </ClCompile>
    <ClCompile Include="Game\GameData.cpp">
      <Filter>Game</Filter>
    </ClCompile>
    <ClCompile Include="Game\GameProc.cpp">
      <Filter>Game</Filter>
    </ClCompile>
    <ClCompile Include="Game\GameServer.cpp">
      <Filter>Game</Filter>
    </ClCompile>
    <ClCompile Include="Game\GameStep.cpp">
      <Filter>Game</Filter>
    </ClCompile>
    <ClCompile Include="Game\Home.cpp">
      <Filter>Game</Filter>
    </ClCompile>
    <ClCompile Include="Game\HttpClient.cpp">
      <Filter>Game</Filter>
    </ClCompile>
    <ClCompile Include="Game\Item.cpp">
      <Filter>Game</Filter>
    </ClCompile>
    <ClCompile Include="Game\LookImgNum.cpp">
      <Filter>Game</Filter>
    </ClCompile>
    <ClCompile Include="Game\Magic.cpp">
      <Filter>Game</Filter>
    </ClCompile>
    <ClCompile Include="Game\Move.cpp">
      <Filter>Game</Filter>
    </ClCompile>
    <ClCompile Include="Game\Pet.cpp">
      <Filter>Game</Filter>
    </ClCompile>
    <ClCompile Include="Game\PrintScreen.cpp">
      <Filter>Game</Filter>
    </ClCompile>
    <ClCompile Include="Game\Talk.cpp">
      <Filter>Game</Filter>
    </ClCompile>
    <ClCompile Include="h.cpp">
      <Filter>源文件</Filter>
    </ClCompile>
  </ItemGroup>
  <ItemGroup>
    <CustomBuild Include="Asm.asm">
      <Filter>Asm</Filter>
    </CustomBuild>
  </ItemGroup>
</Project>